// !$*UTF8*$!
{
	archiveVersion = 1;
	classes = {
	};
	objectVersion = 56;
	objects = {

/* Begin PBXBuildFile section */
		12D297732953A698004659BB /* AppDelegate.swift in Sources */ = {isa = PBXBuildFile; fileRef = 12D297722953A698004659BB /* AppDelegate.swift */; };
		12D297752953A698004659BB /* SceneDelegate.swift in Sources */ = {isa = PBXBuildFile; fileRef = 12D297742953A698004659BB /* SceneDelegate.swift */; };
		12D297772953A698004659BB /* ViewController.swift in Sources */ = {isa = PBXBuildFile; fileRef = 12D297762953A698004659BB /* ViewController.swift */; };
		12D2977A2953A698004659BB /* Main.storyboard in Resources */ = {isa = PBXBuildFile; fileRef = 12D297782953A698004659BB /* Main.storyboard */; };
		12D2977C2953A69A004659BB /* Assets.xcassets in Resources */ = {isa = PBXBuildFile; fileRef = 12D2977B2953A69A004659BB /* Assets.xcassets */; };
		12D2977F2953A69A004659BB /* LaunchScreen.storyboard in Resources */ = {isa = PBXBuildFile; fileRef = 12D2977D2953A69A004659BB /* LaunchScreen.storyboard */; };
		12D2978D2953A907004659BB /* ViewControllerTwo.swift in Sources */ = {isa = PBXBuildFile; fileRef = 12D2978C2953A907004659BB /* ViewControllerTwo.swift */; };
		12D4C3C42953AACF001C1E0B /* UITextField.png in Resources */ = {isa = PBXBuildFile; fileRef = 12D4C3C22953AACF001C1E0B /* UITextField.png */; };
		12D4C3C52953AACF001C1E0B /* UITableView.png in Resources */ = {isa = PBXBuildFile; fileRef = 12D4C3C32953AACF001C1E0B /* UITableView.png */; };
		12D4C3C72953ADC4001C1E0B /* UICollectionView.png in Resources */ = {isa = PBXBuildFile; fileRef = 12D4C3C62953ADC4001C1E0B /* UICollectionView.png */; };
		12D4C3C92953AE1B001C1E0B /* UITableViewController.png in Resources */ = {isa = PBXBuildFile; fileRef = 12D4C3C82953AE1B001C1E0B /* UITableViewController.png */; };
		12D4C3CB2953AE88001C1E0B /* UIPushBehavior.png in Resources */ = {isa = PBXBuildFile; fileRef = 12D4C3CA2953AE88001C1E0B /* UIPushBehavior.png */; };
		12D4C3DE2953B355001C1E0B /* UIPickerView.png in Resources */ = {isa = PBXBuildFile; fileRef = 12D4C3CC2953B354001C1E0B /* UIPickerView.png */; };
		12D4C3DF2953B355001C1E0B /* UIActivityIndicator.png in Resources */ = {isa = PBXBuildFile; fileRef = 12D4C3CD2953B354001C1E0B /* UIActivityIndicator.png */; };
		12D4C3E02953B355001C1E0B /* UIButton.png in Resources */ = {isa = PBXBuildFile; fileRef = 12D4C3CE2953B354001C1E0B /* UIButton.png */; };
		12D4C3E12953B355001C1E0B /* UIProgressView.png in Resources */ = {isa = PBXBuildFile; fileRef = 12D4C3CF2953B354001C1E0B /* UIProgressView.png */; };
		12D4C3E22953B355001C1E0B /* UIActivityViewController.png in Resources */ = {isa = PBXBuildFile; fileRef = 12D4C3D02953B354001C1E0B /* UIActivityViewController.png */; };
		12D4C3E32953B355001C1E0B /* UIPageViewController.png in Resources */ = {isa = PBXBuildFile; fileRef = 12D4C3D12953B354001C1E0B /* UIPageViewController.png */; };
		12D4C3E42953B355001C1E0B /* UIAlertController.png in Resources */ = {isa = PBXBuildFile; fileRef = 12D4C3D22953B355001C1E0B /* UIAlertController.png */; };
		12D4C3E52953B355001C1E0B /* UIDynamicAnimator.png in Resources */ = {isa = PBXBuildFile; fileRef = 12D4C3D32953B355001C1E0B /* UIDynamicAnimator.png */; };
		12D4C3E62953B355001C1E0B /* UISegmentedControl.png in Resources */ = {isa = PBXBuildFile; fileRef = 12D4C3D42953B355001C1E0B /* UISegmentedControl.png */; };
		12D4C3E72953B355001C1E0B /* UIImageView.png in Resources */ = {isa = PBXBuildFile; fileRef = 12D4C3D52953B355001C1E0B /* UIImageView.png */; };
		12D4C3E82953B355001C1E0B /* UITabBarItem.png in Resources */ = {isa = PBXBuildFile; fileRef = 12D4C3D62953B355001C1E0B /* UITabBarItem.png */; };
		12D4C3E92953B355001C1E0B /* UIScrollView.png in Resources */ = {isa = PBXBuildFile; fileRef = 12D4C3D72953B355001C1E0B /* UIScrollView.png */; };
		12D4C3EA2953B355001C1E0B /* UILabel.png in Resources */ = {isa = PBXBuildFile; fileRef = 12D4C3D82953B355001C1E0B /* UILabel.png */; };
		12D4C3EB2953B355001C1E0B /* UITextView.png in Resources */ = {isa = PBXBuildFile; fileRef = 12D4C3D92953B355001C1E0B /* UITextView.png */; };
		12D4C3EC2953B355001C1E0B /* UIImage.png in Resources */ = {isa = PBXBuildFile; fileRef = 12D4C3DA2953B355001C1E0B /* UIImage.png */; };
		12D4C3ED2953B355001C1E0B /* UIWebView.png in Resources */ = {isa = PBXBuildFile; fileRef = 12D4C3DB2953B355001C1E0B /* UIWebView.png */; };
		12D4C3EE2953B355001C1E0B /* UINavigayionViewController.png in Resources */ = {isa = PBXBuildFile; fileRef = 12D4C3DC2953B355001C1E0B /* UINavigayionViewController.png */; };
		12D4C3EF2953B355001C1E0B /* UITabBarController.png in Resources */ = {isa = PBXBuildFile; fileRef = 12D4C3DD2953B355001C1E0B /* UITabBarController.png */; };
/* End PBXBuildFile section */

/* Begin PBXFileReference section */
		12D2976F2953A698004659BB /* HW 21 Dec UIKit.app */ = {isa = PBXFileReference; explicitFileType = wrapper.application; includeInIndex = 0; path = "HW 21 Dec UIKit.app"; sourceTree = BUILT_PRODUCTS_DIR; };
		12D297722953A698004659BB /* AppDelegate.swift */ = {isa = PBXFileReference; lastKnownFileType = sourcecode.swift; path = AppDelegate.swift; sourceTree = "<group>"; };
		12D297742953A698004659BB /* SceneDelegate.swift */ = {isa = PBXFileReference; lastKnownFileType = sourcecode.swift; path = SceneDelegate.swift; sourceTree = "<group>"; };
		12D297762953A698004659BB /* ViewController.swift */ = {isa = PBXFileReference; lastKnownFileType = sourcecode.swift; path = ViewController.swift; sourceTree = "<group>"; };
		12D297792953A698004659BB /* Base */ = {isa = PBXFileReference; lastKnownFileType = file.storyboard; name = Base; path = Base.lproj/Main.storyboard; sourceTree = "<group>"; };
		12D2977B2953A69A004659BB /* Assets.xcassets */ = {isa = PBXFileReference; lastKnownFileType = folder.assetcatalog; path = Assets.xcassets; sourceTree = "<group>"; };
		12D2977E2953A69A004659BB /* Base */ = {isa = PBXFileReference; lastKnownFileType = file.storyboard; name = Base; path = Base.lproj/LaunchScreen.storyboard; sourceTree = "<group>"; };
		12D297802953A69A004659BB /* Info.plist */ = {isa = PBXFileReference; lastKnownFileType = text.plist.xml; path = Info.plist; sourceTree = "<group>"; };
		12D2978C2953A907004659BB /* ViewControllerTwo.swift */ = {isa = PBXFileReference; lastKnownFileType = sourcecode.swift; path = ViewControllerTwo.swift; sourceTree = "<group>"; };
		12D4C3C22953AACF001C1E0B /* UITextField.png */ = {isa = PBXFileReference; lastKnownFileType = image.png; path = UITextField.png; sourceTree = "<group>"; };
		12D4C3C32953AACF001C1E0B /* UITableView.png */ = {isa = PBXFileReference; lastKnownFileType = image.png; path = UITableView.png; sourceTree = "<group>"; };
		12D4C3C62953ADC4001C1E0B /* UICollectionView.png */ = {isa = PBXFileReference; lastKnownFileType = image.png; path = UICollectionView.png; sourceTree = "<group>"; };
		12D4C3C82953AE1B001C1E0B /* UITableViewController.png */ = {isa = PBXFileReference; lastKnownFileType = image.png; path = UITableViewController.png; sourceTree = "<group>"; };
		12D4C3CA2953AE88001C1E0B /* UIPushBehavior.png */ = {isa = PBXFileReference; lastKnownFileType = image.png; path = UIPushBehavior.png; sourceTree = "<group>"; };
		12D4C3CC2953B354001C1E0B /* UIPickerView.png */ = {isa = PBXFileReference; lastKnownFileType = image.png; path = UIPickerView.png; sourceTree = "<group>"; };
		12D4C3CD2953B354001C1E0B /* UIActivityIndicator.png */ = {isa = PBXFileReference; lastKnownFileType = image.png; path = UIActivityIndicator.png; sourceTree = "<group>"; };
		12D4C3CE2953B354001C1E0B /* UIButton.png */ = {isa = PBXFileReference; lastKnownFileType = image.png; path = UIButton.png; sourceTree = "<group>"; };
		12D4C3CF2953B354001C1E0B /* UIProgressView.png */ = {isa = PBXFileReference; lastKnownFileType = image.png; path = UIProgressView.png; sourceTree = "<group>"; };
		12D4C3D02953B354001C1E0B /* UIActivityViewController.png */ = {isa = PBXFileReference; lastKnownFileType = image.png; path = UIActivityViewController.png; sourceTree = "<group>"; };
		12D4C3D12953B354001C1E0B /* UIPageViewController.png */ = {isa = PBXFileReference; lastKnownFileType = image.png; path = UIPageViewController.png; sourceTree = "<group>"; };
		12D4C3D22953B355001C1E0B /* UIAlertController.png */ = {isa = PBXFileReference; lastKnownFileType = image.png; path = UIAlertController.png; sourceTree = "<group>"; };
		12D4C3D32953B355001C1E0B /* UIDynamicAnimator.png */ = {isa = PBXFileReference; lastKnownFileType = image.png; path = UIDynamicAnimator.png; sourceTree = "<group>"; };
		12D4C3D42953B355001C1E0B /* UISegmentedControl.png */ = {isa = PBXFileReference; lastKnownFileType = image.png; path = UISegmentedControl.png; sourceTree = "<group>"; };
		12D4C3D52953B355001C1E0B /* UIImageView.png */ = {isa = PBXFileReference; lastKnownFileType = image.png; path = UIImageView.png; sourceTree = "<group>"; };
		12D4C3D62953B355001C1E0B /* UITabBarItem.png */ = {isa = PBXFileReference; lastKnownFileType = image.png; path = UITabBarItem.png; sourceTree = "<group>"; };
		12D4C3D72953B355001C1E0B /* UIScrollView.png */ = {isa = PBXFileReference; lastKnownFileType = image.png; path = UIScrollView.png; sourceTree = "<group>"; };
		12D4C3D82953B355001C1E0B /* UILabel.png */ = {isa = PBXFileReference; lastKnownFileType = image.png; path = UILabel.png; sourceTree = "<group>"; };
		12D4C3D92953B355001C1E0B /* UITextView.png */ = {isa = PBXFileReference; lastKnownFileType = image.png; path = UITextView.png; sourceTree = "<group>"; };
		12D4C3DA2953B355001C1E0B /* UIImage.png */ = {isa = PBXFileReference; lastKnownFileType = image.png; path = UIImage.png; sourceTree = "<group>"; };
		12D4C3DB2953B355001C1E0B /* UIWebView.png */ = {isa = PBXFileReference; lastKnownFileType = image.png; path = UIWebView.png; sourceTree = "<group>"; };
		12D4C3DC2953B355001C1E0B /* UINavigayionViewController.png */ = {isa = PBXFileReference; lastKnownFileType = image.png; path = UINavigayionViewController.png; sourceTree = "<group>"; };
		12D4C3DD2953B355001C1E0B /* UITabBarController.png */ = {isa = PBXFileReference; lastKnownFileType = image.png; path = UITabBarController.png; sourceTree = "<group>"; };
/* End PBXFileReference section */

/* Begin PBXFrameworksBuildPhase section */
		12D2976C2953A698004659BB /* Frameworks */ = {
			isa = PBXFrameworksBuildPhase;
			buildActionMask = 2147483647;
			files = (
			);
			runOnlyForDeploymentPostprocessing = 0;
		};
/* End PBXFrameworksBuildPhase section */

/* Begin PBXGroup section */
		12D297662953A698004659BB = {
			isa = PBXGroup;
			children = (
				12D297712953A698004659BB /* HW 21 Dec UIKit */,
				12D297702953A698004659BB /* Products */,
			);
			sourceTree = "<group>";
		};
		12D297702953A698004659BB /* Products */ = {
			isa = PBXGroup;
			children = (
				12D2976F2953A698004659BB /* HW 21 Dec UIKit.app */,
			);
			name = Products;
			sourceTree = "<group>";
		};
		12D297712953A698004659BB /* HW 21 Dec UIKit */ = {
			isa = PBXGroup;
			children = (
				12D297722953A698004659BB /* AppDelegate.swift */,
				12D297742953A698004659BB /* SceneDelegate.swift */,
				12D297762953A698004659BB /* ViewController.swift */,
				12D2978C2953A907004659BB /* ViewControllerTwo.swift */,
				12D297782953A698004659BB /* Main.storyboard */,
				12D2977B2953A69A004659BB /* Assets.xcassets */,
				12D2977D2953A69A004659BB /* LaunchScreen.storyboard */,
				12D297802953A69A004659BB /* Info.plist */,
				12D4C3C32953AACF001C1E0B /* UITableView.png */,
				12D4C3C22953AACF001C1E0B /* UITextField.png */,
				12D4C3C62953ADC4001C1E0B /* UICollectionView.png */,
				12D4C3C82953AE1B001C1E0B /* UITableViewController.png */,
				12D4C3CA2953AE88001C1E0B /* UIPushBehavior.png */,
				12D4C3CD2953B354001C1E0B /* UIActivityIndicator.png */,
				12D4C3D02953B354001C1E0B /* UIActivityViewController.png */,
				12D4C3D22953B355001C1E0B /* UIAlertController.png */,
				12D4C3CE2953B354001C1E0B /* UIButton.png */,
				12D4C3D32953B355001C1E0B /* UIDynamicAnimator.png */,
				12D4C3DA2953B355001C1E0B /* UIImage.png */,
				12D4C3D52953B355001C1E0B /* UIImageView.png */,
				12D4C3D82953B355001C1E0B /* UILabel.png */,
				12D4C3DC2953B355001C1E0B /* UINavigayionViewController.png */,
				12D4C3D12953B354001C1E0B /* UIPageViewController.png */,
				12D4C3CC2953B354001C1E0B /* UIPickerView.png */,
				12D4C3CF2953B354001C1E0B /* UIProgressView.png */,
				12D4C3D72953B355001C1E0B /* UIScrollView.png */,
				12D4C3D42953B355001C1E0B /* UISegmentedControl.png */,
				12D4C3DD2953B355001C1E0B /* UITabBarController.png */,
				12D4C3D62953B355001C1E0B /* UITabBarItem.png */,
				12D4C3D92953B355001C1E0B /* UITextView.png */,
				12D4C3DB2953B355001C1E0B /* UIWebView.png */,
			);
			path = "HW 21 Dec UIKit";
			sourceTree = "<group>";
		};
/* End PBXGroup section */

/* Begin PBXNativeTarget section */
		12D2976E2953A698004659BB /* HW 21 Dec UIKit */ = {
			isa = PBXNativeTarget;
			buildConfigurationList = 12D297832953A69A004659BB /* Build configuration list for PBXNativeTarget "HW 21 Dec UIKit" */;
			buildPhases = (
				12D2976B2953A698004659BB /* Sources */,
				12D2976C2953A698004659BB /* Frameworks */,
				12D2976D2953A698004659BB /* Resources */,
			);
			buildRules = (
			);
			dependencies = (
			);
			name = "HW 21 Dec UIKit";
			productName = "HW 21 Dec UIKit";
			productReference = 12D2976F2953A698004659BB /* HW 21 Dec UIKit.app */;
			productType = "com.apple.product-type.application";
		};
/* End PBXNativeTarget section */

/* Begin PBXProject section */
		12D297672953A698004659BB /* Project object */ = {
			isa = PBXProject;
			attributes = {
				BuildIndependentTargetsInParallel = 1;
				LastSwiftUpdateCheck = 1400;
				LastUpgradeCheck = 1400;
				TargetAttributes = {
					12D2976E2953A698004659BB = {
						CreatedOnToolsVersion = 14.0.1;
					};
				};
			};
			buildConfigurationList = 12D2976A2953A698004659BB /* Build configuration list for PBXProject "HW 21 Dec UIKit" */;
			compatibilityVersion = "Xcode 14.0";
			developmentRegion = en;
			hasScannedForEncodings = 0;
			knownRegions = (
				en,
				Base,
			);
			mainGroup = 12D297662953A698004659BB;
			productRefGroup = 12D297702953A698004659BB /* Products */;
			projectDirPath = "";
			projectRoot = "";
			targets = (
				12D2976E2953A698004659BB /* HW 21 Dec UIKit */,
			);
		};
/* End PBXProject section */

/* Begin PBXResourcesBuildPhase section */
		12D2976D2953A698004659BB /* Resources */ = {
			isa = PBXResourcesBuildPhase;
			buildActionMask = 2147483647;
			files = (
				12D4C3E02953B355001C1E0B /* UIButton.png in Resources */,
				12D4C3C72953ADC4001C1E0B /* UICollectionView.png in Resources */,
				12D4C3E72953B355001C1E0B /* UIImageView.png in Resources */,
				12D4C3E22953B355001C1E0B /* UIActivityViewController.png in Resources */,
				12D4C3E62953B355001C1E0B /* UISegmentedControl.png in Resources */,
				12D4C3C42953AACF001C1E0B /* UITextField.png in Resources */,
				12D4C3C92953AE1B001C1E0B /* UITableViewController.png in Resources */,
				12D4C3CB2953AE88001C1E0B /* UIPushBehavior.png in Resources */,
				12D4C3E52953B355001C1E0B /* UIDynamicAnimator.png in Resources */,
				12D4C3C52953AACF001C1E0B /* UITableView.png in Resources */,
				12D2977F2953A69A004659BB /* LaunchScreen.storyboard in Resources */,
				12D4C3EA2953B355001C1E0B /* UILabel.png in Resources */,
				12D4C3E82953B355001C1E0B /* UITabBarItem.png in Resources */,
				12D2977C2953A69A004659BB /* Assets.xcassets in Resources */,
				12D2977A2953A698004659BB /* Main.storyboard in Resources */,
				12D4C3DF2953B355001C1E0B /* UIActivityIndicator.png in Resources */,
				12D4C3E32953B355001C1E0B /* UIPageViewController.png in Resources */,
				12D4C3DE2953B355001C1E0B /* UIPickerView.png in Resources */,
				12D4C3E12953B355001C1E0B /* UIProgressView.png in Resources */,
				12D4C3EE2953B355001C1E0B /* UINavigayionViewController.png in Resources */,
				12D4C3EC2953B355001C1E0B /* UIImage.png in Resources */,
				12D4C3E42953B355001C1E0B /* UIAlertController.png in Resources */,
				12D4C3E92953B355001C1E0B /* UIScrollView.png in Resources */,
				12D4C3EB2953B355001C1E0B /* UITextView.png in Resources */,
				12D4C3ED2953B355001C1E0B /* UIWebView.png in Resources */,
				12D4C3EF2953B355001C1E0B /* UITabBarController.png in Resources */,
			);
			runOnlyForDeploymentPostprocessing = 0;
		};
/* End PBXResourcesBuildPhase section */

/* Begin PBXSourcesBuildPhase section */
		12D2976B2953A698004659BB /* Sources */ = {
			isa = PBXSourcesBuildPhase;
			buildActionMask = 2147483647;
			files = (
				12D297772953A698004659BB /* ViewController.swift in Sources */,
				12D297732953A698004659BB /* AppDelegate.swift in Sources */,
				12D297752953A698004659BB /* SceneDelegate.swift in Sources */,
				12D2978D2953A907004659BB /* ViewControllerTwo.swift in Sources */,
			);
			runOnlyForDeploymentPostprocessing = 0;
		};
/* End PBXSourcesBuildPhase section */

/* Begin PBXVariantGroup section */
		12D297782953A698004659BB /* Main.storyboard */ = {
			isa = PBXVariantGroup;
			children = (
				12D297792953A698004659BB /* Base */,
			);
			name = Main.storyboard;
			sourceTree = "<group>";
		};
		12D2977D2953A69A004659BB /* LaunchScreen.storyboard */ = {
			isa = PBXVariantGroup;
			children = (
				12D2977E2953A69A004659BB /* Base */,
			);
			name = LaunchScreen.storyboard;
			sourceTree = "<group>";
		};
/* End PBXVariantGroup section */

/* Begin XCBuildConfiguration section */
		12D297812953A69A004659BB /* Debug */ = {
			isa = XCBuildConfiguration;
			buildSettings = {
				ALWAYS_SEARCH_USER_PATHS = NO;
				CLANG_ANALYZER_NONNULL = YES;
				CLANG_ANALYZER_NUMBER_OBJECT_CONVERSION = YES_AGGRESSIVE;
				CLANG_CXX_LANGUAGE_STANDARD = "gnu++20";
				CLANG_ENABLE_MODULES = YES;
				CLANG_ENABLE_OBJC_ARC = YES;
				CLANG_ENABLE_OBJC_WEAK = YES;
				CLANG_WARN_BLOCK_CAPTURE_AUTORELEASING = YES;
				CLANG_WARN_BOOL_CONVERSION = YES;
				CLANG_WARN_COMMA = YES;
				CLANG_WARN_CONSTANT_CONVERSION = YES;
				CLANG_WARN_DEPRECATED_OBJC_IMPLEMENTATIONS = YES;
				CLANG_WARN_DIRECT_OBJC_ISA_USAGE = YES_ERROR;
				CLANG_WARN_DOCUMENTATION_COMMENTS = YES;
				CLANG_WARN_EMPTY_BODY = YES;
				CLANG_WARN_ENUM_CONVERSION = YES;
				CLANG_WARN_INFINITE_RECURSION = YES;
				CLANG_WARN_INT_CONVERSION = YES;
				CLANG_WARN_NON_LITERAL_NULL_CONVERSION = YES;
				CLANG_WARN_OBJC_IMPLICIT_RETAIN_SELF = YES;
				CLANG_WARN_OBJC_LITERAL_CONVERSION = YES;
				CLANG_WARN_OBJC_ROOT_CLASS = YES_ERROR;
				CLANG_WARN_QUOTED_INCLUDE_IN_FRAMEWORK_HEADER = YES;
				CLANG_WARN_RANGE_LOOP_ANALYSIS = YES;
				CLANG_WARN_STRICT_PROTOTYPES = YES;
				CLANG_WARN_SUSPICIOUS_MOVE = YES;
				CLANG_WARN_UNGUARDED_AVAILABILITY = YES_AGGRESSIVE;
				CLANG_WARN_UNREACHABLE_CODE = YES;
				CLANG_WARN__DUPLICATE_METHOD_MATCH = YES;
				COPY_PHASE_STRIP = NO;
				DEBUG_INFORMATION_FORMAT = dwarf;
				ENABLE_STRICT_OBJC_MSGSEND = YES;
				ENABLE_TESTABILITY = YES;
				GCC_C_LANGUAGE_STANDARD = gnu11;
				GCC_DYNAMIC_NO_PIC = NO;
				GCC_NO_COMMON_BLOCKS = YES;
				GCC_OPTIMIZATION_LEVEL = 0;
				GCC_PREPROCESSOR_DEFINITIONS = (
					"DEBUG=1",
					"$(inherited)",
				);
				GCC_WARN_64_TO_32_BIT_CONVERSION = YES;
				GCC_WARN_ABOUT_RETURN_TYPE = YES_ERROR;
				GCC_WARN_UNDECLARED_SELECTOR = YES;
				GCC_WARN_UNINITIALIZED_AUTOS = YES_AGGRESSIVE;
				GCC_WARN_UNUSED_FUNCTION = YES;
				GCC_WARN_UNUSED_VARIABLE = YES;
				IPHONEOS_DEPLOYMENT_TARGET = 16.0;
				MTL_ENABLE_DEBUG_INFO = INCLUDE_SOURCE;
				MTL_FAST_MATH = YES;
				ONLY_ACTIVE_ARCH = YES;
				SDKROOT = iphoneos;
				SWIFT_ACTIVE_COMPILATION_CONDITIONS = DEBUG;
				SWIFT_OPTIMIZATION_LEVEL = "-Onone";
			};
			name = Debug;
		};
		12D297822953A69A004659BB /* Release */ = {
			isa = XCBuildConfiguration;
			buildSettings = {
				ALWAYS_SEARCH_USER_PATHS = NO;
				CLANG_ANALYZER_NONNULL = YES;
				CLANG_ANALYZER_NUMBER_OBJECT_CONVERSION = YES_AGGRESSIVE;
				CLANG_CXX_LANGUAGE_STANDARD = "gnu++20";
				CLANG_ENABLE_MODULES = YES;
				CLANG_ENABLE_OBJC_ARC = YES;
				CLANG_ENABLE_OBJC_WEAK = YES;
				CLANG_WARN_BLOCK_CAPTURE_AUTORELEASING = YES;
				CLANG_WARN_BOOL_CONVERSION = YES;
				CLANG_WARN_COMMA = YES;
				CLANG_WARN_CONSTANT_CONVERSION = YES;
				CLANG_WARN_DEPRECATED_OBJC_IMPLEMENTATIONS = YES;
				CLANG_WARN_DIRECT_OBJC_ISA_USAGE = YES_ERROR;
				CLANG_WARN_DOCUMENTATION_COMMENTS = YES;
				CLANG_WARN_EMPTY_BODY = YES;
				CLANG_WARN_ENUM_CONVERSION = YES;
				CLANG_WARN_INFINITE_RECURSION = YES;
				CLANG_WARN_INT_CONVERSION = YES;
				CLANG_WARN_NON_LITERAL_NULL_CONVERSION = YES;
				CLANG_WARN_OBJC_IMPLICIT_RETAIN_SELF = YES;
				CLANG_WARN_OBJC_LITERAL_CONVERSION = YES;
				CLANG_WARN_OBJC_ROOT_CLASS = YES_ERROR;
				CLANG_WARN_QUOTED_INCLUDE_IN_FRAMEWORK_HEADER = YES;
				CLANG_WARN_RANGE_LOOP_ANALYSIS = YES;
				CLANG_WARN_STRICT_PROTOTYPES = YES;
				CLANG_WARN_SUSPICIOUS_MOVE = YES;
				CLANG_WARN_UNGUARDED_AVAILABILITY = YES_AGGRESSIVE;
				CLANG_WARN_UNREACHABLE_CODE = YES;
				CLANG_WARN__DUPLICATE_METHOD_MATCH = YES;
				COPY_PHASE_STRIP = NO;
				DEBUG_INFORMATION_FORMAT = "dwarf-with-dsym";
				ENABLE_NS_ASSERTIONS = NO;
				ENABLE_STRICT_OBJC_MSGSEND = YES;
				GCC_C_LANGUAGE_STANDARD = gnu11;
				GCC_NO_COMMON_BLOCKS = YES;
				GCC_WARN_64_TO_32_BIT_CONVERSION = YES;
				GCC_WARN_ABOUT_RETURN_TYPE = YES_ERROR;
				GCC_WARN_UNDECLARED_SELECTOR = YES;
				GCC_WARN_UNINITIALIZED_AUTOS = YES_AGGRESSIVE;
				GCC_WARN_UNUSED_FUNCTION = YES;
				GCC_WARN_UNUSED_VARIABLE = YES;
				IPHONEOS_DEPLOYMENT_TARGET = 16.0;
				MTL_ENABLE_DEBUG_INFO = NO;
				MTL_FAST_MATH = YES;
				SDKROOT = iphoneos;
				SWIFT_COMPILATION_MODE = wholemodule;
				SWIFT_OPTIMIZATION_LEVEL = "-O";
				VALIDATE_PRODUCT = YES;
			};
			name = Release;
		};
		12D297842953A69A004659BB /* Debug */ = {
			isa = XCBuildConfiguration;
			buildSettings = {
				ASSETCATALOG_COMPILER_APPICON_NAME = AppIcon;
				ASSETCATALOG_COMPILER_GLOBAL_ACCENT_COLOR_NAME = AccentColor;
				CODE_SIGN_STYLE = Automatic;
				CURRENT_PROJECT_VERSION = 1;
				DEVELOPMENT_TEAM = D23Z5VP235;
				GENERATE_INFOPLIST_FILE = YES;
				INFOPLIST_FILE = "HW 21 Dec UIKit/Info.plist";
				INFOPLIST_KEY_UIApplicationSupportsIndirectInputEvents = YES;
				INFOPLIST_KEY_UILaunchStoryboardName = LaunchScreen;
				INFOPLIST_KEY_UIMainStoryboardFile = Main;
				INFOPLIST_KEY_UISupportedInterfaceOrientations_iPad = "UIInterfaceOrientationPortrait UIInterfaceOrientationPortraitUpsideDown UIInterfaceOrientationLandscapeLeft UIInterfaceOrientationLandscapeRight";
				INFOPLIST_KEY_UISupportedInterfaceOrientations_iPhone = "UIInterfaceOrientationPortrait UIInterfaceOrientationLandscapeLeft UIInterfaceOrientationLandscapeRight";
				LD_RUNPATH_SEARCH_PATHS = (
					"$(inherited)",
					"@executable_path/Frameworks",
				);
				MARKETING_VERSION = 1.0;
				PRODUCT_BUNDLE_IDENTIFIER = "----------.HW-21-Dec-UIKit";
				PRODUCT_NAME = "$(TARGET_NAME)";
				SWIFT_EMIT_LOC_STRINGS = YES;
				SWIFT_VERSION = 5.0;
				TARGETED_DEVICE_FAMILY = "1,2";
			};
			name = Debug;
		};
		12D297852953A69A004659BB /* Release */ = {
			isa = XCBuildConfiguration;
			buildSettings = {
				ASSETCATALOG_COMPILER_APPICON_NAME = AppIcon;
				ASSETCATALOG_COMPILER_GLOBAL_ACCENT_COLOR_NAME = AccentColor;
				CODE_SIGN_STYLE = Automatic;
				CURRENT_PROJECT_VERSION = 1;
				DEVELOPMENT_TEAM = D23Z5VP235;
				GENERATE_INFOPLIST_FILE = YES;
				INFOPLIST_FILE = "HW 21 Dec UIKit/Info.plist";
				INFOPLIST_KEY_UIApplicationSupportsIndirectInputEvents = YES;
				INFOPLIST_KEY_UILaunchStoryboardName = LaunchScreen;
				INFOPLIST_KEY_UIMainStoryboardFile = Main;
				INFOPLIST_KEY_UISupportedInterfaceOrientations_iPad = "UIInterfaceOrientationPortrait UIInterfaceOrientationPortraitUpsideDown UIInterfaceOrientationLandscapeLeft UIInterfaceOrientationLandscapeRight";
				INFOPLIST_KEY_UISupportedInterfaceOrientations_iPhone = "UIInterfaceOrientationPortrait UIInterfaceOrientationLandscapeLeft UIInterfaceOrientationLandscapeRight";
				LD_RUNPATH_SEARCH_PATHS = (
					"$(inherited)",
					"@executable_path/Frameworks",
				);
				MARKETING_VERSION = 1.0;
				PRODUCT_BUNDLE_IDENTIFIER = "----------.HW-21-Dec-UIKit";
				PRODUCT_NAME = "$(TARGET_NAME)";
				SWIFT_EMIT_LOC_STRINGS = YES;
				SWIFT_VERSION = 5.0;
				TARGETED_DEVICE_FAMILY = "1,2";
			};
			name = Release;
		};
/* End XCBuildConfiguration section */

/* Begin XCConfigurationList section */
		12D2976A2953A698004659BB /* Build configuration list for PBXProject "HW 21 Dec UIKit" */ = {
			isa = XCConfigurationList;
			buildConfigurations = (
				12D297812953A69A004659BB /* Debug */,
				12D297822953A69A004659BB /* Release */,
			);
			defaultConfigurationIsVisible = 0;
			defaultConfigurationName = Release;
		};
		12D297832953A69A004659BB /* Build configuration list for PBXNativeTarget "HW 21 Dec UIKit" */ = {
			isa = XCConfigurationList;
			buildConfigurations = (
				12D297842953A69A004659BB /* Debug */,
				12D297852953A69A004659BB /* Release */,
			);
			defaultConfigurationIsVisible = 0;
			defaultConfigurationName = Release;
		};
/* End XCConfigurationList section */
	};
	rootObject = 12D297672953A698004659BB /* Project object */;
}
